
Microsoft Visual Studio Solution File, Format Version 12.00
# Visual Studio Version 17
VisualStudioVersion = 17.13.35828.75 d17.13
MinimumVisualStudioVersion = 10.0.40219.1
Project("{FAE04EC0-301F-11D3-BF4B-00C04F79EFBC}") = "NetBenchmarkCollectionLookups", "NetBenchmarkCollectionLookups\NetBenchmarkCollectionLookups.csproj", "{3E412399-49CB-43CB-99DB-C2B3EA7AB4BC}"
EndProject
Global
	GlobalSection(SolutionConfigurationPlatforms) = preSolution
		Debug|Any CPU = Debug|Any CPU
		Release|Any CPU = Release|Any CPU
	EndGlobalSection
	GlobalSection(ProjectConfigurationPlatforms) = postSolution
		{3E412399-49CB-43CB-99DB-C2B3EA7AB4BC}.Debug|Any CPU.ActiveCfg = Debug|Any CPU
		{3E412399-49CB-43CB-99DB-C2B3EA7AB4BC}.Debug|Any CPU.Build.0 = Debug|Any CPU
		{3E412399-49CB-43CB-99DB-C2B3EA7AB4BC}.Release|Any CPU.ActiveCfg = Release|Any CPU
		{3E412399-49CB-43CB-99DB-C2B3EA7AB4BC}.Release|Any CPU.Build.0 = Release|Any CPU
	EndGlobalSection
	GlobalSection(SolutionProperties) = preSolution
		HideSolutionNode = FALSE
	EndGlobalSection
	GlobalSection(ExtensibilityGlobals) = postSolution
		SolutionGuid = {14809836-A332-4D59-A08F-74B847783F66}
	EndGlobalSection
EndGlobal
